
Microsoft Visual Studio Solution File, Format Version 12.00
# Visual Studio Version 16
VisualStudioVersion = 16.0.30611.23
MinimumVisualStudioVersion = 10.0.40219.1
Project("{FAE04EC0-301F-11D3-BF4B-00C04F79EFBC}") = "eShop.WebApp", "eShop.WebApp\eShop.WebApp.csproj", "{822A1231-B892-40E2-8B48-9FD4550B1C8D}"
EndProject
Global
	GlobalSection(SolutionConfigurationPlatforms) = preSolution
		Debug|Any CPU = Debug|Any CPU
		Release|Any CPU = Release|Any CPU
	EndGlobalSection
	GlobalSection(ProjectConfigurationPlatforms) = postSolution
		{822A1231-B892-40E2-8B48-9FD4550B1C8D}.Debug|Any CPU.ActiveCfg = Debug|Any CPU
		{822A1231-B892-40E2-8B48-9FD4550B1C8D}.Debug|Any CPU.Build.0 = Debug|Any CPU
		{822A1231-B892-40E2-8B48-9FD4550B1C8D}.Release|Any CPU.ActiveCfg = Release|Any CPU
		{822A1231-B892-40E2-8B48-9FD4550B1C8D}.Release|Any CPU.Build.0 = Release|Any CPU
	EndGlobalSection
	GlobalSection(SolutionProperties) = preSolution
		HideSolutionNode = FALSE
	EndGlobalSection
	GlobalSection(ExtensibilityGlobals) = postSolution
		SolutionGuid = {BB2DAA44-147C-4637-B485-E580FFD4D08D}
	EndGlobalSection
EndGlobal
